
Microsoft Visual Studio Solution File, Format Version 12.00
# Visual Studio Version 16
VisualStudioVersion = 16.0.30711.63
MinimumVisualStudioVersion = 10.0.40219.1
Project("{FAE04EC0-301F-11D3-BF4B-00C04F79EFBC}") = "TubeScanner", "TubeScanner\TubeScanner.csproj", "{91AE11C2-F65C-4A57-A717-0414DCD848CC}"
EndProject
Global
	GlobalSection(SolutionConfigurationPlatforms) = preSolution
		Debug|Any CPU = Debug|Any CPU
		Release|Any CPU = Release|Any CPU
	EndGlobalSection
	GlobalSection(ProjectConfigurationPlatforms) = postSolution
		{91AE11C2-F65C-4A57-A717-0414DCD848CC}.Debug|Any CPU.ActiveCfg = Debug|Any CPU
		{91AE11C2-F65C-4A57-A717-0414DCD848CC}.Debug|Any CPU.Build.0 = Debug|Any CPU
		{91AE11C2-F65C-4A57-A717-0414DCD848CC}.Release|Any CPU.ActiveCfg = Release|Any CPU
		{91AE11C2-F65C-4A57-A717-0414DCD848CC}.Release|Any CPU.Build.0 = Release|Any CPU
	EndGlobalSection
	GlobalSection(SolutionProperties) = preSolution
		HideSolutionNode = FALSE
	EndGlobalSection
	GlobalSection(ExtensibilityGlobals) = postSolution
		SolutionGuid = {318FE6A4-5D20-43A4-BAAB-60D1A20C645C}
	EndGlobalSection
EndGlobal
